// !$*UTF8*$!
{
	archiveVersion = 1;
	classes = {
	};
	objectVersion = 46;
	objects = {

/* Begin PBXBuildFile section */
		348342B51C782467001D3CD0 /* main.cpp in Sources */ = {isa = PBXBuildFile; fileRef = 348342B41C782467001D3CD0 /* main.cpp */; };
		348342BC1C78D452001D3CD0 /* libportaudio.a in Frameworks */ = {isa = PBXBuildFile; fileRef = 348342BB1C78D452001D3CD0 /* libportaudio.a */; };
/* End PBXBuildFile section */

/* Begin PBXCopyFilesBuildPhase section */
		348342AF1C782467001D3CD0 /* CopyFiles */ = {
			isa = PBXCopyFilesBuildPhase;
			buildActionMask = 2147483647;
			dstPath = /usr/share/man/man1/;
			dstSubfolderSpec = 0;
			files = (
			);
			runOnlyForDeploymentPostprocessing = 1;
		};
/* End PBXCopyFilesBuildPhase section */

/* Begin PBXFileReference section */
		348342B11C782467001D3CD0 /* AudioMemMapper */ = {isa = PBXFileReference; explicitFileType = "compiled.mach-o.executable"; includeInIndex = 0; path = AudioMemMapper; sourceTree = BUILT_PRODUCTS_DIR; };
		348342B41C782467001D3CD0 /* main.cpp */ = {isa = PBXFileReference; lastKnownFileType = sourcecode.cpp.cpp; path = main.cpp; sourceTree = "<group>"; };
		348342BB1C78D452001D3CD0 /* libportaudio.a */ = {isa = PBXFileReference; lastKnownFileType = archive.ar; name = libportaudio.a; path = ../../../../../usr/local/Cellar/portaudio/19.20140130/lib/libportaudio.a; sourceTree = "<group>"; };
/* End PBXFileReference section */

/* Begin PBXFrameworksBuildPhase section */
		348342AE1C782467001D3CD0 /* Frameworks */ = {
			isa = PBXFrameworksBuildPhase;
			buildActionMask = 2147483647;
			files = (
				348342BC1C78D452001D3CD0 /* libportaudio.a in Frameworks */,
			);
			runOnlyForDeploymentPostprocessing = 0;
		};
/* End PBXFrameworksBuildPhase section */

/* Begin PBXGroup section */
		348342A81C782467001D3CD0 = {
			isa = PBXGroup;
			children = (
				348342BB1C78D452001D3CD0 /* libportaudio.a */,
				348342B31C782467001D3CD0 /* AudioMemMapper */,
				348342B21C782467001D3CD0 /* Products */,
			);
			sourceTree = "<group>";
		};
		348342B21C782467001D3CD0 /* Products */ = {
			isa = PBXGroup;
			children = (
				348342B11C782467001D3CD0 /* AudioMemMapper */,
			);
			name = Products;
			sourceTree = "<group>";
		};
		348342B31C782467001D3CD0 /* AudioMemMapper */ = {
			isa = PBXGroup;
			children = (
				348342B41C782467001D3CD0 /* main.cpp */,
			);
			path = AudioMemMapper;
			sourceTree = "<group>";
		};
/* End PBXGroup section */

/* Begin PBXNativeTarget section */
		348342B01C782467001D3CD0 /* AudioMemMapper */ = {
			isa = PBXNativeTarget;
			buildConfigurationList = 348342B81C782467001D3CD0 /* Build configuration list for PBXNativeTarget "AudioMemMapper" */;
			buildPhases = (
				348342AD1C782467001D3CD0 /* Sources */,
				348342AE1C782467001D3CD0 /* Frameworks */,
				348342AF1C782467001D3CD0 /* CopyFiles */,
			);
			buildRules = (
			);
			dependencies = (
			);
			name = AudioMemMapper;
			productName = AudioMemMapper;
			productReference = 348342B11C782467001D3CD0 /* AudioMemMapper */;
			productType = "com.apple.product-type.tool";
		};
/* End PBXNativeTarget section */

/* Begin PBXProject section */
		348342A91C782467001D3CD0 /* Project object */ = {
			isa = PBXProject;
			attributes = {
				LastUpgradeCheck = 0700;
				ORGANIZATIONNAME = "Matthew Tata";
				TargetAttributes = {
					348342B01C782467001D3CD0 = {
						CreatedOnToolsVersion = 7.0.1;
					};
				};
			};
			buildConfigurationList = 348342AC1C782467001D3CD0 /* Build configuration list for PBXProject "AudioMemMapper" */;
			compatibilityVersion = "Xcode 3.2";
			developmentRegion = English;
			hasScannedForEncodings = 0;
			knownRegions = (
				en,
			);
			mainGroup = 348342A81C782467001D3CD0;
			productRefGroup = 348342B21C782467001D3CD0 /* Products */;
			projectDirPath = "";
			projectRoot = "";
			targets = (
				348342B01C782467001D3CD0 /* AudioMemMapper */,
			);
		};
/* End PBXProject section */

/* Begin PBXSourcesBuildPhase section */
		348342AD1C782467001D3CD0 /* Sources */ = {
			isa = PBXSourcesBuildPhase;
			buildActionMask = 2147483647;
			files = (
				348342B51C782467001D3CD0 /* main.cpp in Sources */,
			);
			runOnlyForDeploymentPostprocessing = 0;
		};
/* End PBXSourcesBuildPhase section */

/* Begin XCBuildConfiguration section */
		348342B61C782467001D3CD0 /* Debug */ = {
			isa = XCBuildConfiguration;
			buildSettings = {
				ALWAYS_SEARCH_USER_PATHS = NO;
				CLANG_CXX_LANGUAGE_STANDARD = "gnu++0x";
				CLANG_CXX_LIBRARY = "libc++";
				CLANG_ENABLE_MODULES = YES;
				CLANG_ENABLE_OBJC_ARC = YES;
				CLANG_WARN_BOOL_CONVERSION = YES;
				CLANG_WARN_CONSTANT_CONVERSION = YES;
				CLANG_WARN_DIRECT_OBJC_ISA_USAGE = YES_ERROR;
				CLANG_WARN_EMPTY_BODY = YES;
				CLANG_WARN_ENUM_CONVERSION = YES;
				CLANG_WARN_INT_CONVERSION = YES;
				CLANG_WARN_OBJC_ROOT_CLASS = YES_ERROR;
				CLANG_WARN_UNREACHABLE_CODE = YES;
				CLANG_WARN__DUPLICATE_METHOD_MATCH = YES;
				COPY_PHASE_STRIP = NO;
				DEBUG_INFORMATION_FORMAT = dwarf;
				ENABLE_STRICT_OBJC_MSGSEND = YES;
				ENABLE_TESTABILITY = YES;
				GCC_C_LANGUAGE_STANDARD = gnu99;
				GCC_DYNAMIC_NO_PIC = NO;
				GCC_NO_COMMON_BLOCKS = YES;
				GCC_OPTIMIZATION_LEVEL = 0;
				GCC_PREPROCESSOR_DEFINITIONS = (
					"DEBUG=1",
					"$(inherited)",
				);
				GCC_WARN_64_TO_32_BIT_CONVERSION = YES;
				GCC_WARN_ABOUT_RETURN_TYPE = YES_ERROR;
				GCC_WARN_UNDECLARED_SELECTOR = YES;
				GCC_WARN_UNINITIALIZED_AUTOS = YES_AGGRESSIVE;
				GCC_WARN_UNUSED_FUNCTION = YES;
				GCC_WARN_UNUSED_VARIABLE = YES;
				MACOSX_DEPLOYMENT_TARGET = 10.10;
				MTL_ENABLE_DEBUG_INFO = YES;
				ONLY_ACTIVE_ARCH = YES;
				SDKROOT = macosx;
			};
			name = Debug;
		};
		348342B71C782467001D3CD0 /* Release */ = {
			isa = XCBuildConfiguration;
			buildSettings = {
				ALWAYS_SEARCH_USER_PATHS = NO;
				CLANG_CXX_LANGUAGE_STANDARD = "gnu++0x";
				CLANG_CXX_LIBRARY = "libc++";
				CLANG_ENABLE_MODULES = YES;
				CLANG_ENABLE_OBJC_ARC = YES;
				CLANG_WARN_BOOL_CONVERSION = YES;
				CLANG_WARN_CONSTANT_CONVERSION = YES;
				CLANG_WARN_DIRECT_OBJC_ISA_USAGE = YES_ERROR;
				CLANG_WARN_EMPTY_BODY = YES;
				CLANG_WARN_ENUM_CONVERSION = YES;
				CLANG_WARN_INT_CONVERSION = YES;
				CLANG_WARN_OBJC_ROOT_CLASS = YES_ERROR;
				CLANG_WARN_UNREACHABLE_CODE = YES;
				CLANG_WARN__DUPLICATE_METHOD_MATCH = YES;
				COPY_PHASE_STRIP = NO;
				DEBUG_INFORMATION_FORMAT = "dwarf-with-dsym";
				ENABLE_NS_ASSERTIONS = NO;
				ENABLE_STRICT_OBJC_MSGSEND = YES;
				GCC_C_LANGUAGE_STANDARD = gnu99;
				GCC_NO_COMMON_BLOCKS = YES;
				GCC_WARN_64_TO_32_BIT_CONVERSION = YES;
				GCC_WARN_ABOUT_RETURN_TYPE = YES_ERROR;
				GCC_WARN_UNDECLARED_SELECTOR = YES;
				GCC_WARN_UNINITIALIZED_AUTOS = YES_AGGRESSIVE;
				GCC_WARN_UNUSED_FUNCTION = YES;
				GCC_WARN_UNUSED_VARIABLE = YES;
				MACOSX_DEPLOYMENT_TARGET = 10.10;
				MTL_ENABLE_DEBUG_INFO = NO;
				SDKROOT = macosx;
			};
			name = Release;
		};
		348342B91C782467001D3CD0 /* Debug */ = {
			isa = XCBuildConfiguration;
			buildSettings = {
				HEADER_SEARCH_PATHS = /usr/local/Cellar/portaudio/19.20140130/include;
				LIBRARY_SEARCH_PATHS = /usr/local/Cellar/portaudio/19.20140130/lib;
				PRODUCT_NAME = "$(TARGET_NAME)";
			};
			name = Debug;
		};
		348342BA1C782467001D3CD0 /* Release */ = {
			isa = XCBuildConfiguration;
			buildSettings = {
				HEADER_SEARCH_PATHS = /usr/local/Cellar/portaudio/19.20140130/include;
				LIBRARY_SEARCH_PATHS = /usr/local/Cellar/portaudio/19.20140130/lib;
				PRODUCT_NAME = "$(TARGET_NAME)";
			};
			name = Release;
		};
/* End XCBuildConfiguration section */

/* Begin XCConfigurationList section */
		348342AC1C782467001D3CD0 /* Build configuration list for PBXProject "AudioMemMapper" */ = {
			isa = XCConfigurationList;
			buildConfigurations = (
				348342B61C782467001D3CD0 /* Debug */,
				348342B71C782467001D3CD0 /* Release */,
			);
			defaultConfigurationIsVisible = 0;
			defaultConfigurationName = Release;
		};
		348342B81C782467001D3CD0 /* Build configuration list for PBXNativeTarget "AudioMemMapper" */ = {
			isa = XCConfigurationList;
			buildConfigurations = (
				348342B91C782467001D3CD0 /* Debug */,
				348342BA1C782467001D3CD0 /* Release */,
			);
			defaultConfigurationIsVisible = 0;
		};
/* End XCConfigurationList section */
	};
	rootObject = 348342A91C782467001D3CD0 /* Project object */;
}
